
Microsoft Visual Studio Solution File, Format Version 12.00
Project("{2150E333-8FDC-42A3-9474-1A3956D46DE8}") = "Core", "Core", "{AAF719E4-DF8E-4E72-9321-709172E3CA7F}"
EndProject
Project("{FAE04EC0-301F-11D3-BF4B-00C04F79EFBC}") = "MedicalCardTracker.Domain", "src\MedicalCardTracker.Domain\MedicalCardTracker.Domain.csproj", "{127BC412-B433-45C8-9CFE-5E78E869420F}"
EndProject
Project("{FAE04EC0-301F-11D3-BF4B-00C04F79EFBC}") = "MedicalCardTracker.Application", "src\MedicalCardTracker.Application\MedicalCardTracker.Application.csproj", "{1AA7EFC1-9513-406B-A6BF-F581F59A94F0}"
EndProject
Project("{FAE04EC0-301F-11D3-BF4B-00C04F79EFBC}") = "MedicalCardTracker.Server.Application", "src\MedicalCardTracker.Server.Application\MedicalCardTracker.Server.Application.csproj", "{54BB6EEC-2E0F-4288-B3A6-0BE4FFE61ECC}"
EndProject
Project("{2150E333-8FDC-42A3-9474-1A3956D46DE8}") = "Infrastructure", "Infrastructure", "{ED95D90A-C1F5-4373-BA95-A1CBB44B972A}"
EndProject
Project("{FAE04EC0-301F-11D3-BF4B-00C04F79EFBC}") = "MedicalCardTracker.Database", "src\MedicalCardTracker.Database\MedicalCardTracker.Database.csproj", "{925FEF2F-34DF-49D0-BC02-3788365F2EEE}"
EndProject
Global
	GlobalSection(SolutionConfigurationPlatforms) = preSolution
		Debug|Any CPU = Debug|Any CPU
		Release|Any CPU = Release|Any CPU
	EndGlobalSection
	GlobalSection(NestedProjects) = preSolution
		{127BC412-B433-45C8-9CFE-5E78E869420F} = {AAF719E4-DF8E-4E72-9321-709172E3CA7F}
		{1AA7EFC1-9513-406B-A6BF-F581F59A94F0} = {AAF719E4-DF8E-4E72-9321-709172E3CA7F}
		{54BB6EEC-2E0F-4288-B3A6-0BE4FFE61ECC} = {AAF719E4-DF8E-4E72-9321-709172E3CA7F}
		{925FEF2F-34DF-49D0-BC02-3788365F2EEE} = {ED95D90A-C1F5-4373-BA95-A1CBB44B972A}
	EndGlobalSection
	GlobalSection(ProjectConfigurationPlatforms) = postSolution
		{127BC412-B433-45C8-9CFE-5E78E869420F}.Debug|Any CPU.ActiveCfg = Debug|Any CPU
		{127BC412-B433-45C8-9CFE-5E78E869420F}.Debug|Any CPU.Build.0 = Debug|Any CPU
		{127BC412-B433-45C8-9CFE-5E78E869420F}.Release|Any CPU.ActiveCfg = Release|Any CPU
		{127BC412-B433-45C8-9CFE-5E78E869420F}.Release|Any CPU.Build.0 = Release|Any CPU
		{1AA7EFC1-9513-406B-A6BF-F581F59A94F0}.Debug|Any CPU.ActiveCfg = Debug|Any CPU
		{1AA7EFC1-9513-406B-A6BF-F581F59A94F0}.Debug|Any CPU.Build.0 = Debug|Any CPU
		{1AA7EFC1-9513-406B-A6BF-F581F59A94F0}.Release|Any CPU.ActiveCfg = Release|Any CPU
		{1AA7EFC1-9513-406B-A6BF-F581F59A94F0}.Release|Any CPU.Build.0 = Release|Any CPU
		{54BB6EEC-2E0F-4288-B3A6-0BE4FFE61ECC}.Debug|Any CPU.ActiveCfg = Debug|Any CPU
		{54BB6EEC-2E0F-4288-B3A6-0BE4FFE61ECC}.Debug|Any CPU.Build.0 = Debug|Any CPU
		{54BB6EEC-2E0F-4288-B3A6-0BE4FFE61ECC}.Release|Any CPU.ActiveCfg = Release|Any CPU
		{54BB6EEC-2E0F-4288-B3A6-0BE4FFE61ECC}.Release|Any CPU.Build.0 = Release|Any CPU
		{925FEF2F-34DF-49D0-BC02-3788365F2EEE}.Debug|Any CPU.ActiveCfg = Debug|Any CPU
		{925FEF2F-34DF-49D0-BC02-3788365F2EEE}.Debug|Any CPU.Build.0 = Debug|Any CPU
		{925FEF2F-34DF-49D0-BC02-3788365F2EEE}.Release|Any CPU.ActiveCfg = Release|Any CPU
		{925FEF2F-34DF-49D0-BC02-3788365F2EEE}.Release|Any CPU.Build.0 = Release|Any CPU
	EndGlobalSection
EndGlobal
